{
  "name": "vectortile-make",
  "version": "1.0.0",
  "lockfileVersion": 1,
  "requires": true,
  "dependencies": {
    "@mapbox/sphericalmercator": {
      "version": "1.0.5",
      "resolved": "https://registry.npmjs.org/@mapbox/sphericalmercator/-/sphericalmercator-1.0.5.tgz",
      "integrity": "sha1-cCN7l3QJXtHP286nqP0fyCsmkfI="
    },
    "@mapbox/tilelive": {
      "version": "6.0.0",
      "resolved": "https://registry.npmjs.org/@mapbox/tilelive/-/tilelive-6.0.0.tgz",
      "integrity": "sha512-LGqcRe4Zhc2kMZLXQtfmYRBOxIlcWegLRnZOUB8Hb+4fT7ifEzqg4Lm9ambU9AWHwajwEIFD5la3TPCr+p2C0A==",
      "requires": {
        "@mapbox/sphericalmercator": "1.0.5",
        "minimist": "0.2.0",
        "progress-stream": "0.5.0",
        "queue-async": "1.0.7"
      }
    },
    "core-util-is": {
      "version": "1.0.2",
      "resolved": "https://registry.npmjs.org/core-util-is/-/core-util-is-1.0.2.tgz",
      "integrity": "sha1-tf1UIgqivFq1eqtxQMlAdUUDwac="
    },
    "inherits": {
      "version": "2.0.3",
      "resolved": "https://registry.npmjs.org/inherits/-/inherits-2.0.3.tgz",
      "integrity": "sha1-Yzwsg+PaQqUC9SRmAiSA9CCCYd4="
    },
    "isarray": {
      "version": "0.0.1",
      "resolved": "https://registry.npmjs.org/isarray/-/isarray-0.0.1.tgz",
      "integrity": "sha1-ihis/Kmo9Bd+Cav8YDiTmwXR7t8="
    },
    "minimist": {
      "version": "0.2.0",
      "resolved": "https://registry.npmjs.org/minimist/-/minimist-0.2.0.tgz",
      "integrity": "sha1-Tf/lJdriuGTGbC4jxicdev3s784="
    },
    "object-keys": {
      "version": "0.4.0",
      "resolved": "https://registry.npmjs.org/object-keys/-/object-keys-0.4.0.tgz",
      "integrity": "sha1-KKaq50KN0sOpLz2V8hM13SBOAzY="
    },
    "progress-stream": {
      "version": "0.5.0",
      "resolved": "https://registry.npmjs.org/progress-stream/-/progress-stream-0.5.0.tgz",
      "integrity": "sha1-zEdZFnpv9PBYdheThPC2rg0ddYc=",
      "requires": {
        "single-line-log": "0.3.1",
        "speedometer": "0.1.4",
        "through2": "0.2.3"
      }
    },
    "queue-async": {
      "version": "1.0.7",
      "resolved": "https://registry.npmjs.org/queue-async/-/queue-async-1.0.7.tgz",
      "integrity": "sha1-Iq4KHaxKkvW81GNPmTxoKiqBCUU="
    },
    "readable-stream": {
      "version": "1.1.14",
      "resolved": "https://registry.npmjs.org/readable-stream/-/readable-stream-1.1.14.tgz",
      "integrity": "sha1-fPTFTvZI44EwhMY23SB54WbAgdk=",
      "requires": {
        "core-util-is": "1.0.2",
        "inherits": "2.0.3",
        "isarray": "0.0.1",
        "string_decoder": "0.10.31"
      }
    },
    "single-line-log": {
      "version": "0.3.1",
      "resolved": "https://registry.npmjs.org/single-line-log/-/single-line-log-0.3.1.tgz",
      "integrity": "sha1-p61lB/IYzl3+FsS/LWWSRkGeegY="
    },
    "speedometer": {
      "version": "0.1.4",
      "resolved": "https://registry.npmjs.org/speedometer/-/speedometer-0.1.4.tgz",
      "integrity": "sha1-mHbb0qFp0xFUAtSObqYynIgWpQ0="
    },
    "string_decoder": {
      "version": "0.10.31",
      "resolved": "https://registry.npmjs.org/string_decoder/-/string_decoder-0.10.31.tgz",
      "integrity": "sha1-YuIDvEF2bGwoyfyEMB2rHFMQ+pQ="
    },
    "through2": {
      "version": "0.2.3",
      "resolved": "https://registry.npmjs.org/through2/-/through2-0.2.3.tgz",
      "integrity": "sha1-6zKE2k6jEbbMis42U3SKUqvyWj8=",
      "requires": {
        "readable-stream": "1.1.14",
        "xtend": "2.1.2"
      }
    },
    "xtend": {
      "version": "2.1.2",
      "resolved": "https://registry.npmjs.org/xtend/-/xtend-2.1.2.tgz",
      "integrity": "sha1-bv7MKk2tjmlixJAbM3znuoe10os=",
      "requires": {
        "object-keys": "0.4.0"
      }
    }
  }
}
